
Microsoft Visual Studio Solution File, Format Version 12.00
# Visual Studio 2012
Project("{FAE04EC0-301F-11D3-BF4B-00C04F79EFBC}") = "E-shop", "E-shop\E-shop.csproj", "{BC124463-B2B8-496C-AB71-9D137ECE3CD3}"
EndProject
Project("{FAE04EC0-301F-11D3-BF4B-00C04F79EFBC}") = "E-shop.iOS", "iOS\E-shop.iOS.csproj", "{A8305C5E-994A-455C-BB6F-0809BB728DA2}"
EndProject
Project("{FAE04EC0-301F-11D3-BF4B-00C04F79EFBC}") = "E-shop.Droid", "Droid\E-shop.Droid.csproj", "{5EBD1E89-F2CF-4234-9802-843AA34C97E3}"
EndProject
Global
	GlobalSection(SolutionConfigurationPlatforms) = preSolution
		Debug|Any CPU = Debug|Any CPU
		Release|Any CPU = Release|Any CPU
		Debug|iPhoneSimulator = Debug|iPhoneSimulator
		Release|iPhone = Release|iPhone
		Release|iPhoneSimulator = Release|iPhoneSimulator
		Debug|iPhone = Debug|iPhone
	EndGlobalSection
	GlobalSection(ProjectConfigurationPlatforms) = postSolution
		{BC124463-B2B8-496C-AB71-9D137ECE3CD3}.Debug|Any CPU.ActiveCfg = Debug|Any CPU
		{BC124463-B2B8-496C-AB71-9D137ECE3CD3}.Debug|Any CPU.Build.0 = Debug|Any CPU
		{BC124463-B2B8-496C-AB71-9D137ECE3CD3}.Release|Any CPU.ActiveCfg = Release|Any CPU
		{BC124463-B2B8-496C-AB71-9D137ECE3CD3}.Release|Any CPU.Build.0 = Release|Any CPU
		{BC124463-B2B8-496C-AB71-9D137ECE3CD3}.Debug|iPhoneSimulator.ActiveCfg = Debug|Any CPU
		{BC124463-B2B8-496C-AB71-9D137ECE3CD3}.Debug|iPhoneSimulator.Build.0 = Debug|Any CPU
		{BC124463-B2B8-496C-AB71-9D137ECE3CD3}.Release|iPhone.ActiveCfg = Release|Any CPU
		{BC124463-B2B8-496C-AB71-9D137ECE3CD3}.Release|iPhone.Build.0 = Release|Any CPU
		{BC124463-B2B8-496C-AB71-9D137ECE3CD3}.Release|iPhoneSimulator.ActiveCfg = Release|Any CPU
		{BC124463-B2B8-496C-AB71-9D137ECE3CD3}.Release|iPhoneSimulator.Build.0 = Release|Any CPU
		{BC124463-B2B8-496C-AB71-9D137ECE3CD3}.Debug|iPhone.ActiveCfg = Debug|Any CPU
		{BC124463-B2B8-496C-AB71-9D137ECE3CD3}.Debug|iPhone.Build.0 = Debug|Any CPU
		{A8305C5E-994A-455C-BB6F-0809BB728DA2}.Debug|Any CPU.ActiveCfg = Debug|iPhoneSimulator
		{A8305C5E-994A-455C-BB6F-0809BB728DA2}.Debug|Any CPU.Build.0 = Debug|iPhoneSimulator
		{A8305C5E-994A-455C-BB6F-0809BB728DA2}.Release|Any CPU.ActiveCfg = Release|iPhone
		{A8305C5E-994A-455C-BB6F-0809BB728DA2}.Release|Any CPU.Build.0 = Release|iPhone
		{A8305C5E-994A-455C-BB6F-0809BB728DA2}.Debug|iPhoneSimulator.ActiveCfg = Debug|iPhoneSimulator
		{A8305C5E-994A-455C-BB6F-0809BB728DA2}.Debug|iPhoneSimulator.Build.0 = Debug|iPhoneSimulator
		{A8305C5E-994A-455C-BB6F-0809BB728DA2}.Release|iPhone.ActiveCfg = Release|iPhone
		{A8305C5E-994A-455C-BB6F-0809BB728DA2}.Release|iPhone.Build.0 = Release|iPhone
		{A8305C5E-994A-455C-BB6F-0809BB728DA2}.Release|iPhoneSimulator.ActiveCfg = Release|iPhoneSimulator
		{A8305C5E-994A-455C-BB6F-0809BB728DA2}.Release|iPhoneSimulator.Build.0 = Release|iPhoneSimulator
		{A8305C5E-994A-455C-BB6F-0809BB728DA2}.Debug|iPhone.ActiveCfg = Debug|iPhone
		{A8305C5E-994A-455C-BB6F-0809BB728DA2}.Debug|iPhone.Build.0 = Debug|iPhone
		{5EBD1E89-F2CF-4234-9802-843AA34C97E3}.Debug|Any CPU.ActiveCfg = Debug|Any CPU
		{5EBD1E89-F2CF-4234-9802-843AA34C97E3}.Debug|Any CPU.Build.0 = Debug|Any CPU
		{5EBD1E89-F2CF-4234-9802-843AA34C97E3}.Release|Any CPU.ActiveCfg = Release|Any CPU
		{5EBD1E89-F2CF-4234-9802-843AA34C97E3}.Release|Any CPU.Build.0 = Release|Any CPU
		{5EBD1E89-F2CF-4234-9802-843AA34C97E3}.Debug|iPhoneSimulator.ActiveCfg = Debug|Any CPU
		{5EBD1E89-F2CF-4234-9802-843AA34C97E3}.Debug|iPhoneSimulator.Build.0 = Debug|Any CPU
		{5EBD1E89-F2CF-4234-9802-843AA34C97E3}.Release|iPhone.ActiveCfg = Release|Any CPU
		{5EBD1E89-F2CF-4234-9802-843AA34C97E3}.Release|iPhone.Build.0 = Release|Any CPU
		{5EBD1E89-F2CF-4234-9802-843AA34C97E3}.Release|iPhoneSimulator.ActiveCfg = Release|Any CPU
		{5EBD1E89-F2CF-4234-9802-843AA34C97E3}.Release|iPhoneSimulator.Build.0 = Release|Any CPU
		{5EBD1E89-F2CF-4234-9802-843AA34C97E3}.Debug|iPhone.ActiveCfg = Debug|Any CPU
		{5EBD1E89-F2CF-4234-9802-843AA34C97E3}.Debug|iPhone.Build.0 = Debug|Any CPU
	EndGlobalSection
EndGlobal
